
Microsoft Visual Studio Solution File, Format Version 12.00
# Visual Studio Version 16
VisualStudioVersion = 16.0.28803.452
MinimumVisualStudioVersion = 10.0.40219.1
Project("{FAE04EC0-301F-11D3-BF4B-00C04F79EFBC}") = "Exam2", "Exam2\Exam2.csproj", "{8FC99926-DBAC-42A7-8FDF-5ED8403D6C6E}"
EndProject
Project("{FAE04EC0-301F-11D3-BF4B-00C04F79EFBC}") = "Exam2Tests", "Exam2Tests\Exam2Tests.csproj", "{F63103CD-852B-414B-939B-A3C533A316F4}"
EndProject
Project("{FAE04EC0-301F-11D3-BF4B-00C04F79EFBC}") = "TestCommon", "..\Common\TestCommon\TestCommon.csproj", "{C39FF0C4-6960-42AD-8E2C-D2CAFE850A52}"
EndProject
Global
	GlobalSection(SolutionConfigurationPlatforms) = preSolution
		Debug|Any CPU = Debug|Any CPU
		Release|Any CPU = Release|Any CPU
	EndGlobalSection
	GlobalSection(ProjectConfigurationPlatforms) = postSolution
		{8FC99926-DBAC-42A7-8FDF-5ED8403D6C6E}.Debug|Any CPU.ActiveCfg = Debug|Any CPU
		{8FC99926-DBAC-42A7-8FDF-5ED8403D6C6E}.Debug|Any CPU.Build.0 = Debug|Any CPU
		{8FC99926-DBAC-42A7-8FDF-5ED8403D6C6E}.Release|Any CPU.ActiveCfg = Release|Any CPU
		{8FC99926-DBAC-42A7-8FDF-5ED8403D6C6E}.Release|Any CPU.Build.0 = Release|Any CPU
		{F63103CD-852B-414B-939B-A3C533A316F4}.Debug|Any CPU.ActiveCfg = Debug|Any CPU
		{F63103CD-852B-414B-939B-A3C533A316F4}.Debug|Any CPU.Build.0 = Debug|Any CPU
		{F63103CD-852B-414B-939B-A3C533A316F4}.Release|Any CPU.ActiveCfg = Release|Any CPU
		{F63103CD-852B-414B-939B-A3C533A316F4}.Release|Any CPU.Build.0 = Release|Any CPU
		{C39FF0C4-6960-42AD-8E2C-D2CAFE850A52}.Debug|Any CPU.ActiveCfg = Debug|Any CPU
		{C39FF0C4-6960-42AD-8E2C-D2CAFE850A52}.Debug|Any CPU.Build.0 = Debug|Any CPU
		{C39FF0C4-6960-42AD-8E2C-D2CAFE850A52}.Release|Any CPU.ActiveCfg = Release|Any CPU
		{C39FF0C4-6960-42AD-8E2C-D2CAFE850A52}.Release|Any CPU.Build.0 = Release|Any CPU
	EndGlobalSection
	GlobalSection(SolutionProperties) = preSolution
		HideSolutionNode = FALSE
	EndGlobalSection
	GlobalSection(ExtensibilityGlobals) = postSolution
		SolutionGuid = {B43B46F5-2B4A-4247-85D2-31BF4AE345CB}
	EndGlobalSection
EndGlobal
