
Microsoft Visual Studio Solution File, Format Version 12.00
# Visual Studio Version 16
VisualStudioVersion = 16.0.28803.452
MinimumVisualStudioVersion = 10.0.40219.1
Project("{FAE04EC0-301F-11D3-BF4B-00C04F79EFBC}") = "A10", "A10\A10.csproj", "{651ADA0F-E76D-498F-A966-4E79DF4A39E1}"
EndProject
Project("{FAE04EC0-301F-11D3-BF4B-00C04F79EFBC}") = "A10Tests", "A10Tests\A10Tests.csproj", "{CA8F99DE-CB23-426E-ADB8-A6CFB38F1829}"
EndProject
Project("{FAE04EC0-301F-11D3-BF4B-00C04F79EFBC}") = "TestCommon", "..\Common\TestCommon\TestCommon.csproj", "{C39FF0C4-6960-42AD-8E2C-D2CAFE850A52}"
EndProject
Global
	GlobalSection(SolutionConfigurationPlatforms) = preSolution
		Debug|Any CPU = Debug|Any CPU
		Release|Any CPU = Release|Any CPU
	EndGlobalSection
	GlobalSection(ProjectConfigurationPlatforms) = postSolution
		{651ADA0F-E76D-498F-A966-4E79DF4A39E1}.Debug|Any CPU.ActiveCfg = Debug|Any CPU
		{651ADA0F-E76D-498F-A966-4E79DF4A39E1}.Debug|Any CPU.Build.0 = Debug|Any CPU
		{651ADA0F-E76D-498F-A966-4E79DF4A39E1}.Release|Any CPU.ActiveCfg = Release|Any CPU
		{651ADA0F-E76D-498F-A966-4E79DF4A39E1}.Release|Any CPU.Build.0 = Release|Any CPU
		{CA8F99DE-CB23-426E-ADB8-A6CFB38F1829}.Debug|Any CPU.ActiveCfg = Debug|Any CPU
		{CA8F99DE-CB23-426E-ADB8-A6CFB38F1829}.Debug|Any CPU.Build.0 = Debug|Any CPU
		{CA8F99DE-CB23-426E-ADB8-A6CFB38F1829}.Release|Any CPU.ActiveCfg = Release|Any CPU
		{CA8F99DE-CB23-426E-ADB8-A6CFB38F1829}.Release|Any CPU.Build.0 = Release|Any CPU
		{C39FF0C4-6960-42AD-8E2C-D2CAFE850A52}.Debug|Any CPU.ActiveCfg = Debug|Any CPU
		{C39FF0C4-6960-42AD-8E2C-D2CAFE850A52}.Debug|Any CPU.Build.0 = Debug|Any CPU
		{C39FF0C4-6960-42AD-8E2C-D2CAFE850A52}.Release|Any CPU.ActiveCfg = Release|Any CPU
		{C39FF0C4-6960-42AD-8E2C-D2CAFE850A52}.Release|Any CPU.Build.0 = Release|Any CPU
	EndGlobalSection
	GlobalSection(SolutionProperties) = preSolution
		HideSolutionNode = FALSE
	EndGlobalSection
	GlobalSection(ExtensibilityGlobals) = postSolution
		SolutionGuid = {E9FA3972-72C0-4A9C-AC76-A057FD260F57}
	EndGlobalSection
EndGlobal
