
Microsoft Visual Studio Solution File, Format Version 12.00
# Visual Studio Version 16
VisualStudioVersion = 16.0.28803.452
MinimumVisualStudioVersion = 10.0.40219.1
Project("{FAE04EC0-301F-11D3-BF4B-00C04F79EFBC}") = "A10", "A10\A10.csproj", "{D8CE501D-796A-4145-A9B2-D0EBBF07717E}"
EndProject
Project("{FAE04EC0-301F-11D3-BF4B-00C04F79EFBC}") = "A10Tests", "A10Tests\A10Tests.csproj", "{A4787FC0-8086-4680-952A-C94A1F827BB2}"
EndProject
Project("{FAE04EC0-301F-11D3-BF4B-00C04F79EFBC}") = "TestCommon", "..\Common\TestCommon\TestCommon.csproj", "{C39FF0C4-6960-42AD-8E2C-D2CAFE850A52}"
EndProject
Global
	GlobalSection(SolutionConfigurationPlatforms) = preSolution
		Debug|Any CPU = Debug|Any CPU
		Release|Any CPU = Release|Any CPU
	EndGlobalSection
	GlobalSection(ProjectConfigurationPlatforms) = postSolution
		{D8CE501D-796A-4145-A9B2-D0EBBF07717E}.Debug|Any CPU.ActiveCfg = Debug|Any CPU
		{D8CE501D-796A-4145-A9B2-D0EBBF07717E}.Debug|Any CPU.Build.0 = Debug|Any CPU
		{D8CE501D-796A-4145-A9B2-D0EBBF07717E}.Release|Any CPU.ActiveCfg = Release|Any CPU
		{D8CE501D-796A-4145-A9B2-D0EBBF07717E}.Release|Any CPU.Build.0 = Release|Any CPU
		{A4787FC0-8086-4680-952A-C94A1F827BB2}.Debug|Any CPU.ActiveCfg = Debug|Any CPU
		{A4787FC0-8086-4680-952A-C94A1F827BB2}.Debug|Any CPU.Build.0 = Debug|Any CPU
		{A4787FC0-8086-4680-952A-C94A1F827BB2}.Release|Any CPU.ActiveCfg = Release|Any CPU
		{A4787FC0-8086-4680-952A-C94A1F827BB2}.Release|Any CPU.Build.0 = Release|Any CPU
		{C39FF0C4-6960-42AD-8E2C-D2CAFE850A52}.Debug|Any CPU.ActiveCfg = Debug|Any CPU
		{C39FF0C4-6960-42AD-8E2C-D2CAFE850A52}.Debug|Any CPU.Build.0 = Debug|Any CPU
		{C39FF0C4-6960-42AD-8E2C-D2CAFE850A52}.Release|Any CPU.ActiveCfg = Release|Any CPU
		{C39FF0C4-6960-42AD-8E2C-D2CAFE850A52}.Release|Any CPU.Build.0 = Release|Any CPU
	EndGlobalSection
	GlobalSection(SolutionProperties) = preSolution
		HideSolutionNode = FALSE
	EndGlobalSection
	GlobalSection(ExtensibilityGlobals) = postSolution
		SolutionGuid = {B86F203A-D767-4A64-A114-215F041CE92C}
	EndGlobalSection
EndGlobal
