
Microsoft Visual Studio Solution File, Format Version 12.00
# Visual Studio 15
VisualStudioVersion = 15.0.28307.438
MinimumVisualStudioVersion = 10.0.40219.1
Project("{FAE04EC0-301F-11D3-BF4B-00C04F79EFBC}") = "A7", "A7\A7.csproj", "{FED1960C-048A-4F48-A6E5-3012475A38C5}"
EndProject
Project("{FAE04EC0-301F-11D3-BF4B-00C04F79EFBC}") = "A7Tests", "A7Tests\A7Tests.csproj", "{B3F240E1-E0D4-42C2-96C1-5220D4530A30}"
EndProject
Project("{FAE04EC0-301F-11D3-BF4B-00C04F79EFBC}") = "TestCommon", "..\Common\TestCommon\TestCommon.csproj", "{C39FF0C4-6960-42AD-8E2C-D2CAFE850A52}"
EndProject
Global
	GlobalSection(SolutionConfigurationPlatforms) = preSolution
		Debug|Any CPU = Debug|Any CPU
		Release|Any CPU = Release|Any CPU
	EndGlobalSection
	GlobalSection(ProjectConfigurationPlatforms) = postSolution
		{FED1960C-048A-4F48-A6E5-3012475A38C5}.Debug|Any CPU.ActiveCfg = Release|Any CPU
		{FED1960C-048A-4F48-A6E5-3012475A38C5}.Debug|Any CPU.Build.0 = Release|Any CPU
		{FED1960C-048A-4F48-A6E5-3012475A38C5}.Release|Any CPU.ActiveCfg = Release|Any CPU
		{FED1960C-048A-4F48-A6E5-3012475A38C5}.Release|Any CPU.Build.0 = Release|Any CPU
		{B3F240E1-E0D4-42C2-96C1-5220D4530A30}.Debug|Any CPU.ActiveCfg = Debug|Any CPU
		{B3F240E1-E0D4-42C2-96C1-5220D4530A30}.Debug|Any CPU.Build.0 = Debug|Any CPU
		{B3F240E1-E0D4-42C2-96C1-5220D4530A30}.Release|Any CPU.ActiveCfg = Release|Any CPU
		{B3F240E1-E0D4-42C2-96C1-5220D4530A30}.Release|Any CPU.Build.0 = Release|Any CPU
		{C39FF0C4-6960-42AD-8E2C-D2CAFE850A52}.Debug|Any CPU.ActiveCfg = Debug|Any CPU
		{C39FF0C4-6960-42AD-8E2C-D2CAFE850A52}.Debug|Any CPU.Build.0 = Debug|Any CPU
		{C39FF0C4-6960-42AD-8E2C-D2CAFE850A52}.Release|Any CPU.ActiveCfg = Release|Any CPU
		{C39FF0C4-6960-42AD-8E2C-D2CAFE850A52}.Release|Any CPU.Build.0 = Release|Any CPU
	EndGlobalSection
	GlobalSection(SolutionProperties) = preSolution
		HideSolutionNode = FALSE
	EndGlobalSection
	GlobalSection(ExtensibilityGlobals) = postSolution
		SolutionGuid = {F52A69AD-A75B-4F86-9659-EDF925AF2F9A}
	EndGlobalSection
EndGlobal
