
Microsoft Visual Studio Solution File, Format Version 12.00
# Visual Studio 15
VisualStudioVersion = 15.0.28307.438
MinimumVisualStudioVersion = 10.0.40219.1
Project("{FAE04EC0-301F-11D3-BF4B-00C04F79EFBC}") = "A8", "A8\A8.csproj", "{DDD22140-7835-4006-B26F-DA4380505FF7}"
EndProject
Project("{FAE04EC0-301F-11D3-BF4B-00C04F79EFBC}") = "A8Tests", "A8Tests\A8Tests.csproj", "{1149B779-43C1-4437-A388-FDF7A5E09E39}"
EndProject
Project("{FAE04EC0-301F-11D3-BF4B-00C04F79EFBC}") = "TestCommon", "..\Common\TestCommon\TestCommon.csproj", "{C39FF0C4-6960-42AD-8E2C-D2CAFE850A52}"
EndProject
Global
	GlobalSection(SolutionConfigurationPlatforms) = preSolution
		Debug|Any CPU = Debug|Any CPU
		Release|Any CPU = Release|Any CPU
	EndGlobalSection
	GlobalSection(ProjectConfigurationPlatforms) = postSolution
		{DDD22140-7835-4006-B26F-DA4380505FF7}.Debug|Any CPU.ActiveCfg = Release|Any CPU
		{DDD22140-7835-4006-B26F-DA4380505FF7}.Debug|Any CPU.Build.0 = Release|Any CPU
		{DDD22140-7835-4006-B26F-DA4380505FF7}.Release|Any CPU.ActiveCfg = Release|Any CPU
		{DDD22140-7835-4006-B26F-DA4380505FF7}.Release|Any CPU.Build.0 = Release|Any CPU
		{1149B779-43C1-4437-A388-FDF7A5E09E39}.Debug|Any CPU.ActiveCfg = Release|Any CPU
		{1149B779-43C1-4437-A388-FDF7A5E09E39}.Debug|Any CPU.Build.0 = Release|Any CPU
		{1149B779-43C1-4437-A388-FDF7A5E09E39}.Release|Any CPU.ActiveCfg = Release|Any CPU
		{1149B779-43C1-4437-A388-FDF7A5E09E39}.Release|Any CPU.Build.0 = Release|Any CPU
		{C39FF0C4-6960-42AD-8E2C-D2CAFE850A52}.Debug|Any CPU.ActiveCfg = Release|Any CPU
		{C39FF0C4-6960-42AD-8E2C-D2CAFE850A52}.Debug|Any CPU.Build.0 = Release|Any CPU
		{C39FF0C4-6960-42AD-8E2C-D2CAFE850A52}.Release|Any CPU.ActiveCfg = Release|Any CPU
		{C39FF0C4-6960-42AD-8E2C-D2CAFE850A52}.Release|Any CPU.Build.0 = Release|Any CPU
	EndGlobalSection
	GlobalSection(SolutionProperties) = preSolution
		HideSolutionNode = FALSE
	EndGlobalSection
	GlobalSection(ExtensibilityGlobals) = postSolution
		SolutionGuid = {7CF986C4-6FCE-4500-9F16-3E9E07F4ECF5}
	EndGlobalSection
EndGlobal
